
Microsoft Visual Studio Solution File, Format Version 12.00
# Visual Studio 15
VisualStudioVersion = 15.0.26228.4
MinimumVisualStudioVersion = 10.0.40219.1
Project("{FAE04EC0-301F-11D3-BF4B-00C04F79EFBC}") = "Berat_Ideal.Android", "Berat Ideal\Berat_Ideal.Android\Berat_Ideal.Android.csproj", "{471CB350-FFDF-4332-844E-37D7368639E6}"
EndProject
Project("{FAE04EC0-301F-11D3-BF4B-00C04F79EFBC}") = "Berat_Ideal", "Berat Ideal\Berat_Ideal\Berat_Ideal.csproj", "{16AD0D0E-7DB4-40F0-973F-C2D4239B37EB}"
EndProject
Project("{FAE04EC0-301F-11D3-BF4B-00C04F79EFBC}") = "Berat_Ideal.UWP", "Berat Ideal\Berat_Ideal.UWP\Berat_Ideal.UWP.csproj", "{14AFB12E-70C3-4324-97C4-1C61D6BE9E2D}"
EndProject
Global
	GlobalSection(SolutionConfigurationPlatforms) = preSolution
		Ad-Hoc|Any CPU = Ad-Hoc|Any CPU
		Ad-Hoc|ARM = Ad-Hoc|ARM
		Ad-Hoc|iPhone = Ad-Hoc|iPhone
		Ad-Hoc|iPhoneSimulator = Ad-Hoc|iPhoneSimulator
		Ad-Hoc|x64 = Ad-Hoc|x64
		Ad-Hoc|x86 = Ad-Hoc|x86
		AppStore|Any CPU = AppStore|Any CPU
		AppStore|ARM = AppStore|ARM
		AppStore|iPhone = AppStore|iPhone
		AppStore|iPhoneSimulator = AppStore|iPhoneSimulator
		AppStore|x64 = AppStore|x64
		AppStore|x86 = AppStore|x86
		Debug|Any CPU = Debug|Any CPU
		Debug|ARM = Debug|ARM
		Debug|iPhone = Debug|iPhone
		Debug|iPhoneSimulator = Debug|iPhoneSimulator
		Debug|x64 = Debug|x64
		Debug|x86 = Debug|x86
		Release|Any CPU = Release|Any CPU
		Release|ARM = Release|ARM
		Release|iPhone = Release|iPhone
		Release|iPhoneSimulator = Release|iPhoneSimulator
		Release|x64 = Release|x64
		Release|x86 = Release|x86
	EndGlobalSection
	GlobalSection(ProjectConfigurationPlatforms) = postSolution
		{471CB350-FFDF-4332-844E-37D7368639E6}.Ad-Hoc|Any CPU.ActiveCfg = Release|Any CPU
		{471CB350-FFDF-4332-844E-37D7368639E6}.Ad-Hoc|Any CPU.Build.0 = Release|Any CPU
		{471CB350-FFDF-4332-844E-37D7368639E6}.Ad-Hoc|Any CPU.Deploy.0 = Release|Any CPU
		{471CB350-FFDF-4332-844E-37D7368639E6}.Ad-Hoc|ARM.ActiveCfg = Release|Any CPU
		{471CB350-FFDF-4332-844E-37D7368639E6}.Ad-Hoc|ARM.Build.0 = Release|Any CPU
		{471CB350-FFDF-4332-844E-37D7368639E6}.Ad-Hoc|ARM.Deploy.0 = Release|Any CPU
		{471CB350-FFDF-4332-844E-37D7368639E6}.Ad-Hoc|iPhone.ActiveCfg = Release|Any CPU
		{471CB350-FFDF-4332-844E-37D7368639E6}.Ad-Hoc|iPhone.Build.0 = Release|Any CPU
		{471CB350-FFDF-4332-844E-37D7368639E6}.Ad-Hoc|iPhone.Deploy.0 = Release|Any CPU
		{471CB350-FFDF-4332-844E-37D7368639E6}.Ad-Hoc|iPhoneSimulator.ActiveCfg = Release|Any CPU
		{471CB350-FFDF-4332-844E-37D7368639E6}.Ad-Hoc|iPhoneSimulator.Build.0 = Release|Any CPU
		{471CB350-FFDF-4332-844E-37D7368639E6}.Ad-Hoc|iPhoneSimulator.Deploy.0 = Release|Any CPU
		{471CB350-FFDF-4332-844E-37D7368639E6}.Ad-Hoc|x64.ActiveCfg = Release|Any CPU
		{471CB350-FFDF-4332-844E-37D7368639E6}.Ad-Hoc|x64.Build.0 = Release|Any CPU
		{471CB350-FFDF-4332-844E-37D7368639E6}.Ad-Hoc|x64.Deploy.0 = Release|Any CPU
		{471CB350-FFDF-4332-844E-37D7368639E6}.Ad-Hoc|x86.ActiveCfg = Release|Any CPU
		{471CB350-FFDF-4332-844E-37D7368639E6}.Ad-Hoc|x86.Build.0 = Release|Any CPU
		{471CB350-FFDF-4332-844E-37D7368639E6}.Ad-Hoc|x86.Deploy.0 = Release|Any CPU
		{471CB350-FFDF-4332-844E-37D7368639E6}.AppStore|Any CPU.ActiveCfg = Release|Any CPU
		{471CB350-FFDF-4332-844E-37D7368639E6}.AppStore|Any CPU.Build.0 = Release|Any CPU
		{471CB350-FFDF-4332-844E-37D7368639E6}.AppStore|Any CPU.Deploy.0 = Release|Any CPU
		{471CB350-FFDF-4332-844E-37D7368639E6}.AppStore|ARM.ActiveCfg = Release|Any CPU
		{471CB350-FFDF-4332-844E-37D7368639E6}.AppStore|ARM.Build.0 = Release|Any CPU
		{471CB350-FFDF-4332-844E-37D7368639E6}.AppStore|ARM.Deploy.0 = Release|Any CPU
		{471CB350-FFDF-4332-844E-37D7368639E6}.AppStore|iPhone.ActiveCfg = Release|Any CPU
		{471CB350-FFDF-4332-844E-37D7368639E6}.AppStore|iPhone.Build.0 = Release|Any CPU
		{471CB350-FFDF-4332-844E-37D7368639E6}.AppStore|iPhone.Deploy.0 = Release|Any CPU
		{471CB350-FFDF-4332-844E-37D7368639E6}.AppStore|iPhoneSimulator.ActiveCfg = Release|Any CPU
		{471CB350-FFDF-4332-844E-37D7368639E6}.AppStore|iPhoneSimulator.Build.0 = Release|Any CPU
		{471CB350-FFDF-4332-844E-37D7368639E6}.AppStore|iPhoneSimulator.Deploy.0 = Release|Any CPU
		{471CB350-FFDF-4332-844E-37D7368639E6}.AppStore|x64.ActiveCfg = Release|Any CPU
		{471CB350-FFDF-4332-844E-37D7368639E6}.AppStore|x64.Build.0 = Release|Any CPU
		{471CB350-FFDF-4332-844E-37D7368639E6}.AppStore|x64.Deploy.0 = Release|Any CPU
		{471CB350-FFDF-4332-844E-37D7368639E6}.AppStore|x86.ActiveCfg = Release|Any CPU
		{471CB350-FFDF-4332-844E-37D7368639E6}.AppStore|x86.Build.0 = Release|Any CPU
		{471CB350-FFDF-4332-844E-37D7368639E6}.AppStore|x86.Deploy.0 = Release|Any CPU
		{471CB350-FFDF-4332-844E-37D7368639E6}.Debug|Any CPU.ActiveCfg = Debug|Any CPU
		{471CB350-FFDF-4332-844E-37D7368639E6}.Debug|Any CPU.Build.0 = Debug|Any CPU
		{471CB350-FFDF-4332-844E-37D7368639E6}.Debug|Any CPU.Deploy.0 = Debug|Any CPU
		{471CB350-FFDF-4332-844E-37D7368639E6}.Debug|ARM.ActiveCfg = Debug|Any CPU
		{471CB350-FFDF-4332-844E-37D7368639E6}.Debug|ARM.Build.0 = Debug|Any CPU
		{471CB350-FFDF-4332-844E-37D7368639E6}.Debug|ARM.Deploy.0 = Debug|Any CPU
		{471CB350-FFDF-4332-844E-37D7368639E6}.Debug|iPhone.ActiveCfg = Debug|Any CPU
		{471CB350-FFDF-4332-844E-37D7368639E6}.Debug|iPhone.Build.0 = Debug|Any CPU
		{471CB350-FFDF-4332-844E-37D7368639E6}.Debug|iPhone.Deploy.0 = Debug|Any CPU
		{471CB350-FFDF-4332-844E-37D7368639E6}.Debug|iPhoneSimulator.ActiveCfg = Debug|Any CPU
		{471CB350-FFDF-4332-844E-37D7368639E6}.Debug|iPhoneSimulator.Build.0 = Debug|Any CPU
		{471CB350-FFDF-4332-844E-37D7368639E6}.Debug|iPhoneSimulator.Deploy.0 = Debug|Any CPU
		{471CB350-FFDF-4332-844E-37D7368639E6}.Debug|x64.ActiveCfg = Debug|Any CPU
		{471CB350-FFDF-4332-844E-37D7368639E6}.Debug|x64.Build.0 = Debug|Any CPU
		{471CB350-FFDF-4332-844E-37D7368639E6}.Debug|x64.Deploy.0 = Debug|Any CPU
		{471CB350-FFDF-4332-844E-37D7368639E6}.Debug|x86.ActiveCfg = Debug|Any CPU
		{471CB350-FFDF-4332-844E-37D7368639E6}.Debug|x86.Build.0 = Debug|Any CPU
		{471CB350-FFDF-4332-844E-37D7368639E6}.Debug|x86.Deploy.0 = Debug|Any CPU
		{471CB350-FFDF-4332-844E-37D7368639E6}.Release|Any CPU.ActiveCfg = Release|Any CPU
		{471CB350-FFDF-4332-844E-37D7368639E6}.Release|Any CPU.Build.0 = Release|Any CPU
		{471CB350-FFDF-4332-844E-37D7368639E6}.Release|Any CPU.Deploy.0 = Release|Any CPU
		{471CB350-FFDF-4332-844E-37D7368639E6}.Release|ARM.ActiveCfg = Release|Any CPU
		{471CB350-FFDF-4332-844E-37D7368639E6}.Release|ARM.Build.0 = Release|Any CPU
		{471CB350-FFDF-4332-844E-37D7368639E6}.Release|ARM.Deploy.0 = Release|Any CPU
		{471CB350-FFDF-4332-844E-37D7368639E6}.Release|iPhone.ActiveCfg = Release|Any CPU
		{471CB350-FFDF-4332-844E-37D7368639E6}.Release|iPhone.Build.0 = Release|Any CPU
		{471CB350-FFDF-4332-844E-37D7368639E6}.Release|iPhone.Deploy.0 = Release|Any CPU
		{471CB350-FFDF-4332-844E-37D7368639E6}.Release|iPhoneSimulator.ActiveCfg = Release|Any CPU
		{471CB350-FFDF-4332-844E-37D7368639E6}.Release|iPhoneSimulator.Build.0 = Release|Any CPU
		{471CB350-FFDF-4332-844E-37D7368639E6}.Release|iPhoneSimulator.Deploy.0 = Release|Any CPU
		{471CB350-FFDF-4332-844E-37D7368639E6}.Release|x64.ActiveCfg = Release|Any CPU
		{471CB350-FFDF-4332-844E-37D7368639E6}.Release|x64.Build.0 = Release|Any CPU
		{471CB350-FFDF-4332-844E-37D7368639E6}.Release|x64.Deploy.0 = Release|Any CPU
		{471CB350-FFDF-4332-844E-37D7368639E6}.Release|x86.ActiveCfg = Release|Any CPU
		{471CB350-FFDF-4332-844E-37D7368639E6}.Release|x86.Build.0 = Release|Any CPU
		{471CB350-FFDF-4332-844E-37D7368639E6}.Release|x86.Deploy.0 = Release|Any CPU
		{16AD0D0E-7DB4-40F0-973F-C2D4239B37EB}.Ad-Hoc|Any CPU.ActiveCfg = Release|Any CPU
		{16AD0D0E-7DB4-40F0-973F-C2D4239B37EB}.Ad-Hoc|Any CPU.Build.0 = Release|Any CPU
		{16AD0D0E-7DB4-40F0-973F-C2D4239B37EB}.Ad-Hoc|ARM.ActiveCfg = Release|Any CPU
		{16AD0D0E-7DB4-40F0-973F-C2D4239B37EB}.Ad-Hoc|ARM.Build.0 = Release|Any CPU
		{16AD0D0E-7DB4-40F0-973F-C2D4239B37EB}.Ad-Hoc|iPhone.ActiveCfg = Release|Any CPU
		{16AD0D0E-7DB4-40F0-973F-C2D4239B37EB}.Ad-Hoc|iPhone.Build.0 = Release|Any CPU
		{16AD0D0E-7DB4-40F0-973F-C2D4239B37EB}.Ad-Hoc|iPhoneSimulator.ActiveCfg = Release|Any CPU
		{16AD0D0E-7DB4-40F0-973F-C2D4239B37EB}.Ad-Hoc|iPhoneSimulator.Build.0 = Release|Any CPU
		{16AD0D0E-7DB4-40F0-973F-C2D4239B37EB}.Ad-Hoc|x64.ActiveCfg = Release|Any CPU
		{16AD0D0E-7DB4-40F0-973F-C2D4239B37EB}.Ad-Hoc|x64.Build.0 = Release|Any CPU
		{16AD0D0E-7DB4-40F0-973F-C2D4239B37EB}.Ad-Hoc|x86.ActiveCfg = Release|Any CPU
		{16AD0D0E-7DB4-40F0-973F-C2D4239B37EB}.Ad-Hoc|x86.Build.0 = Release|Any CPU
		{16AD0D0E-7DB4-40F0-973F-C2D4239B37EB}.AppStore|Any CPU.ActiveCfg = Release|Any CPU
		{16AD0D0E-7DB4-40F0-973F-C2D4239B37EB}.AppStore|Any CPU.Build.0 = Release|Any CPU
		{16AD0D0E-7DB4-40F0-973F-C2D4239B37EB}.AppStore|ARM.ActiveCfg = Release|Any CPU
		{16AD0D0E-7DB4-40F0-973F-C2D4239B37EB}.AppStore|ARM.Build.0 = Release|Any CPU
		{16AD0D0E-7DB4-40F0-973F-C2D4239B37EB}.AppStore|iPhone.ActiveCfg = Release|Any CPU
		{16AD0D0E-7DB4-40F0-973F-C2D4239B37EB}.AppStore|iPhone.Build.0 = Release|Any CPU
		{16AD0D0E-7DB4-40F0-973F-C2D4239B37EB}.AppStore|iPhoneSimulator.ActiveCfg = Release|Any CPU
		{16AD0D0E-7DB4-40F0-973F-C2D4239B37EB}.AppStore|iPhoneSimulator.Build.0 = Release|Any CPU
		{16AD0D0E-7DB4-40F0-973F-C2D4239B37EB}.AppStore|x64.ActiveCfg = Release|Any CPU
		{16AD0D0E-7DB4-40F0-973F-C2D4239B37EB}.AppStore|x64.Build.0 = Release|Any CPU
		{16AD0D0E-7DB4-40F0-973F-C2D4239B37EB}.AppStore|x86.ActiveCfg = Release|Any CPU
		{16AD0D0E-7DB4-40F0-973F-C2D4239B37EB}.AppStore|x86.Build.0 = Release|Any CPU
		{16AD0D0E-7DB4-40F0-973F-C2D4239B37EB}.Debug|Any CPU.ActiveCfg = Debug|Any CPU
		{16AD0D0E-7DB4-40F0-973F-C2D4239B37EB}.Debug|Any CPU.Build.0 = Debug|Any CPU
		{16AD0D0E-7DB4-40F0-973F-C2D4239B37EB}.Debug|ARM.ActiveCfg = Debug|Any CPU
		{16AD0D0E-7DB4-40F0-973F-C2D4239B37EB}.Debug|ARM.Build.0 = Debug|Any CPU
		{16AD0D0E-7DB4-40F0-973F-C2D4239B37EB}.Debug|iPhone.ActiveCfg = Debug|Any CPU
		{16AD0D0E-7DB4-40F0-973F-C2D4239B37EB}.Debug|iPhone.Build.0 = Debug|Any CPU
		{16AD0D0E-7DB4-40F0-973F-C2D4239B37EB}.Debug|iPhoneSimulator.ActiveCfg = Debug|Any CPU
		{16AD0D0E-7DB4-40F0-973F-C2D4239B37EB}.Debug|iPhoneSimulator.Build.0 = Debug|Any CPU
		{16AD0D0E-7DB4-40F0-973F-C2D4239B37EB}.Debug|x64.ActiveCfg = Debug|Any CPU
		{16AD0D0E-7DB4-40F0-973F-C2D4239B37EB}.Debug|x64.Build.0 = Debug|Any CPU
		{16AD0D0E-7DB4-40F0-973F-C2D4239B37EB}.Debug|x86.ActiveCfg = Debug|Any CPU
		{16AD0D0E-7DB4-40F0-973F-C2D4239B37EB}.Debug|x86.Build.0 = Debug|Any CPU
		{16AD0D0E-7DB4-40F0-973F-C2D4239B37EB}.Release|Any CPU.ActiveCfg = Release|Any CPU
		{16AD0D0E-7DB4-40F0-973F-C2D4239B37EB}.Release|Any CPU.Build.0 = Release|Any CPU
		{16AD0D0E-7DB4-40F0-973F-C2D4239B37EB}.Release|ARM.ActiveCfg = Release|Any CPU
		{16AD0D0E-7DB4-40F0-973F-C2D4239B37EB}.Release|ARM.Build.0 = Release|Any CPU
		{16AD0D0E-7DB4-40F0-973F-C2D4239B37EB}.Release|iPhone.ActiveCfg = Release|Any CPU
		{16AD0D0E-7DB4-40F0-973F-C2D4239B37EB}.Release|iPhone.Build.0 = Release|Any CPU
		{16AD0D0E-7DB4-40F0-973F-C2D4239B37EB}.Release|iPhoneSimulator.ActiveCfg = Release|Any CPU
		{16AD0D0E-7DB4-40F0-973F-C2D4239B37EB}.Release|iPhoneSimulator.Build.0 = Release|Any CPU
		{16AD0D0E-7DB4-40F0-973F-C2D4239B37EB}.Release|x64.ActiveCfg = Release|Any CPU
		{16AD0D0E-7DB4-40F0-973F-C2D4239B37EB}.Release|x64.Build.0 = Release|Any CPU
		{16AD0D0E-7DB4-40F0-973F-C2D4239B37EB}.Release|x86.ActiveCfg = Release|Any CPU
		{16AD0D0E-7DB4-40F0-973F-C2D4239B37EB}.Release|x86.Build.0 = Release|Any CPU
		{14AFB12E-70C3-4324-97C4-1C61D6BE9E2D}.Ad-Hoc|Any CPU.ActiveCfg = Release|x86
		{14AFB12E-70C3-4324-97C4-1C61D6BE9E2D}.Ad-Hoc|Any CPU.Build.0 = Release|x86
		{14AFB12E-70C3-4324-97C4-1C61D6BE9E2D}.Ad-Hoc|Any CPU.Deploy.0 = Release|x86
		{14AFB12E-70C3-4324-97C4-1C61D6BE9E2D}.Ad-Hoc|ARM.ActiveCfg = Release|ARM
		{14AFB12E-70C3-4324-97C4-1C61D6BE9E2D}.Ad-Hoc|ARM.Build.0 = Release|ARM
		{14AFB12E-70C3-4324-97C4-1C61D6BE9E2D}.Ad-Hoc|ARM.Deploy.0 = Release|ARM
		{14AFB12E-70C3-4324-97C4-1C61D6BE9E2D}.Ad-Hoc|iPhone.ActiveCfg = Release|x86
		{14AFB12E-70C3-4324-97C4-1C61D6BE9E2D}.Ad-Hoc|iPhone.Build.0 = Release|x86
		{14AFB12E-70C3-4324-97C4-1C61D6BE9E2D}.Ad-Hoc|iPhone.Deploy.0 = Release|x86
		{14AFB12E-70C3-4324-97C4-1C61D6BE9E2D}.Ad-Hoc|iPhoneSimulator.ActiveCfg = Release|x86
		{14AFB12E-70C3-4324-97C4-1C61D6BE9E2D}.Ad-Hoc|iPhoneSimulator.Build.0 = Release|x86
		{14AFB12E-70C3-4324-97C4-1C61D6BE9E2D}.Ad-Hoc|iPhoneSimulator.Deploy.0 = Release|x86
		{14AFB12E-70C3-4324-97C4-1C61D6BE9E2D}.Ad-Hoc|x64.ActiveCfg = Release|x64
		{14AFB12E-70C3-4324-97C4-1C61D6BE9E2D}.Ad-Hoc|x64.Build.0 = Release|x64
		{14AFB12E-70C3-4324-97C4-1C61D6BE9E2D}.Ad-Hoc|x64.Deploy.0 = Release|x64
		{14AFB12E-70C3-4324-97C4-1C61D6BE9E2D}.Ad-Hoc|x86.ActiveCfg = Release|x86
		{14AFB12E-70C3-4324-97C4-1C61D6BE9E2D}.Ad-Hoc|x86.Build.0 = Release|x86
		{14AFB12E-70C3-4324-97C4-1C61D6BE9E2D}.Ad-Hoc|x86.Deploy.0 = Release|x86
		{14AFB12E-70C3-4324-97C4-1C61D6BE9E2D}.AppStore|Any CPU.ActiveCfg = Release|x86
		{14AFB12E-70C3-4324-97C4-1C61D6BE9E2D}.AppStore|Any CPU.Build.0 = Release|x86
		{14AFB12E-70C3-4324-97C4-1C61D6BE9E2D}.AppStore|Any CPU.Deploy.0 = Release|x86
		{14AFB12E-70C3-4324-97C4-1C61D6BE9E2D}.AppStore|ARM.ActiveCfg = Release|ARM
		{14AFB12E-70C3-4324-97C4-1C61D6BE9E2D}.AppStore|ARM.Build.0 = Release|ARM
		{14AFB12E-70C3-4324-97C4-1C61D6BE9E2D}.AppStore|ARM.Deploy.0 = Release|ARM
		{14AFB12E-70C3-4324-97C4-1C61D6BE9E2D}.AppStore|iPhone.ActiveCfg = Release|x86
		{14AFB12E-70C3-4324-97C4-1C61D6BE9E2D}.AppStore|iPhone.Build.0 = Release|x86
		{14AFB12E-70C3-4324-97C4-1C61D6BE9E2D}.AppStore|iPhone.Deploy.0 = Release|x86
		{14AFB12E-70C3-4324-97C4-1C61D6BE9E2D}.AppStore|iPhoneSimulator.ActiveCfg = Release|x86
		{14AFB12E-70C3-4324-97C4-1C61D6BE9E2D}.AppStore|iPhoneSimulator.Build.0 = Release|x86
		{14AFB12E-70C3-4324-97C4-1C61D6BE9E2D}.AppStore|iPhoneSimulator.Deploy.0 = Release|x86
		{14AFB12E-70C3-4324-97C4-1C61D6BE9E2D}.AppStore|x64.ActiveCfg = Release|x64
		{14AFB12E-70C3-4324-97C4-1C61D6BE9E2D}.AppStore|x64.Build.0 = Release|x64
		{14AFB12E-70C3-4324-97C4-1C61D6BE9E2D}.AppStore|x64.Deploy.0 = Release|x64
		{14AFB12E-70C3-4324-97C4-1C61D6BE9E2D}.AppStore|x86.ActiveCfg = Release|x86
		{14AFB12E-70C3-4324-97C4-1C61D6BE9E2D}.AppStore|x86.Build.0 = Release|x86
		{14AFB12E-70C3-4324-97C4-1C61D6BE9E2D}.AppStore|x86.Deploy.0 = Release|x86
		{14AFB12E-70C3-4324-97C4-1C61D6BE9E2D}.Debug|Any CPU.ActiveCfg = Debug|x86
		{14AFB12E-70C3-4324-97C4-1C61D6BE9E2D}.Debug|ARM.ActiveCfg = Debug|ARM
		{14AFB12E-70C3-4324-97C4-1C61D6BE9E2D}.Debug|ARM.Build.0 = Debug|ARM
		{14AFB12E-70C3-4324-97C4-1C61D6BE9E2D}.Debug|ARM.Deploy.0 = Debug|ARM
		{14AFB12E-70C3-4324-97C4-1C61D6BE9E2D}.Debug|iPhone.ActiveCfg = Debug|x86
		{14AFB12E-70C3-4324-97C4-1C61D6BE9E2D}.Debug|iPhoneSimulator.ActiveCfg = Debug|x86
		{14AFB12E-70C3-4324-97C4-1C61D6BE9E2D}.Debug|x64.ActiveCfg = Debug|x64
		{14AFB12E-70C3-4324-97C4-1C61D6BE9E2D}.Debug|x64.Build.0 = Debug|x64
		{14AFB12E-70C3-4324-97C4-1C61D6BE9E2D}.Debug|x64.Deploy.0 = Debug|x64
		{14AFB12E-70C3-4324-97C4-1C61D6BE9E2D}.Debug|x86.ActiveCfg = Debug|x86
		{14AFB12E-70C3-4324-97C4-1C61D6BE9E2D}.Debug|x86.Build.0 = Debug|x86
		{14AFB12E-70C3-4324-97C4-1C61D6BE9E2D}.Debug|x86.Deploy.0 = Debug|x86
		{14AFB12E-70C3-4324-97C4-1C61D6BE9E2D}.Release|Any CPU.ActiveCfg = Release|x86
		{14AFB12E-70C3-4324-97C4-1C61D6BE9E2D}.Release|ARM.ActiveCfg = Release|ARM
		{14AFB12E-70C3-4324-97C4-1C61D6BE9E2D}.Release|ARM.Build.0 = Release|ARM
		{14AFB12E-70C3-4324-97C4-1C61D6BE9E2D}.Release|ARM.Deploy.0 = Release|ARM
		{14AFB12E-70C3-4324-97C4-1C61D6BE9E2D}.Release|iPhone.ActiveCfg = Release|x86
		{14AFB12E-70C3-4324-97C4-1C61D6BE9E2D}.Release|iPhoneSimulator.ActiveCfg = Release|x86
		{14AFB12E-70C3-4324-97C4-1C61D6BE9E2D}.Release|x64.ActiveCfg = Release|x64
		{14AFB12E-70C3-4324-97C4-1C61D6BE9E2D}.Release|x64.Build.0 = Release|x64
		{14AFB12E-70C3-4324-97C4-1C61D6BE9E2D}.Release|x64.Deploy.0 = Release|x64
		{14AFB12E-70C3-4324-97C4-1C61D6BE9E2D}.Release|x86.ActiveCfg = Release|x86
		{14AFB12E-70C3-4324-97C4-1C61D6BE9E2D}.Release|x86.Build.0 = Release|x86
		{14AFB12E-70C3-4324-97C4-1C61D6BE9E2D}.Release|x86.Deploy.0 = Release|x86
	EndGlobalSection
	GlobalSection(SolutionProperties) = preSolution
		HideSolutionNode = FALSE
	EndGlobalSection
EndGlobal
